
Microsoft Visual Studio Solution File, Format Version 12.00
# Visual Studio Version 16
VisualStudioVersion = 16.0.28621.142
MinimumVisualStudioVersion = 10.0.40219.1
Project("{FAE04EC0-301F-11D3-BF4B-00C04F79EFBC}") = "UniversityMain", "UniversityMain\UniversityMain.csproj", "{F6601A62-B652-4922-AB26-4528BE8E111B}"
EndProject
Project("{FAE04EC0-301F-11D3-BF4B-00C04F79EFBC}") = "Logics", "Logics\Logics.csproj", "{5FDE5D4D-1AC0-4879-BD48-41803693D9F2}"
EndProject
Project("{FAE04EC0-301F-11D3-BF4B-00C04F79EFBC}") = "UnitTestLogics", "UnitTestLogics\UnitTestLogics.csproj", "{8EEB6EEF-D1E2-4A6D-95DA-004CEF4ECB78}"
EndProject
Global
	GlobalSection(SolutionConfigurationPlatforms) = preSolution
		Debug|Any CPU = Debug|Any CPU
		Release|Any CPU = Release|Any CPU
	EndGlobalSection
	GlobalSection(ProjectConfigurationPlatforms) = postSolution
		{F6601A62-B652-4922-AB26-4528BE8E111B}.Debug|Any CPU.ActiveCfg = Debug|Any CPU
		{F6601A62-B652-4922-AB26-4528BE8E111B}.Debug|Any CPU.Build.0 = Debug|Any CPU
		{F6601A62-B652-4922-AB26-4528BE8E111B}.Release|Any CPU.ActiveCfg = Release|Any CPU
		{F6601A62-B652-4922-AB26-4528BE8E111B}.Release|Any CPU.Build.0 = Release|Any CPU
		{5FDE5D4D-1AC0-4879-BD48-41803693D9F2}.Debug|Any CPU.ActiveCfg = Debug|Any CPU
		{5FDE5D4D-1AC0-4879-BD48-41803693D9F2}.Debug|Any CPU.Build.0 = Debug|Any CPU
		{5FDE5D4D-1AC0-4879-BD48-41803693D9F2}.Release|Any CPU.ActiveCfg = Release|Any CPU
		{5FDE5D4D-1AC0-4879-BD48-41803693D9F2}.Release|Any CPU.Build.0 = Release|Any CPU
		{8EEB6EEF-D1E2-4A6D-95DA-004CEF4ECB78}.Debug|Any CPU.ActiveCfg = Debug|Any CPU
		{8EEB6EEF-D1E2-4A6D-95DA-004CEF4ECB78}.Debug|Any CPU.Build.0 = Debug|Any CPU
		{8EEB6EEF-D1E2-4A6D-95DA-004CEF4ECB78}.Release|Any CPU.ActiveCfg = Release|Any CPU
		{8EEB6EEF-D1E2-4A6D-95DA-004CEF4ECB78}.Release|Any CPU.Build.0 = Release|Any CPU
	EndGlobalSection
	GlobalSection(SolutionProperties) = preSolution
		HideSolutionNode = FALSE
	EndGlobalSection
	GlobalSection(ExtensibilityGlobals) = postSolution
		SolutionGuid = {EE46A96E-6667-4849-8C67-DC377574FF11}
	EndGlobalSection
EndGlobal
